// !$*UTF8*$!
{
	archiveVersion = 1;
	classes = {
	};
	objectVersion = 50;
	objects = {

/* Begin PBXBuildFile section */
		1F9B98222577C11E00130AEE /* LandmarkList.swift in Sources */ = {isa = PBXBuildFile; fileRef = 1F9B98212577C11E00130AEE /* LandmarkList.swift */; };
		1F9B98352577C19800130AEE /* icybay.jpg in Resources */ = {isa = PBXBuildFile; fileRef = 1F9B98292577C19700130AEE /* icybay.jpg */; };
		1F9B98362577C19800130AEE /* lakemcdonald.jpg in Resources */ = {isa = PBXBuildFile; fileRef = 1F9B982A2577C19800130AEE /* lakemcdonald.jpg */; };
		1F9B98372577C19800130AEE /* chincoteague.jpg in Resources */ = {isa = PBXBuildFile; fileRef = 1F9B982B2577C19800130AEE /* chincoteague.jpg */; };
		1F9B98382577C19800130AEE /* chilkoottrail.jpg in Resources */ = {isa = PBXBuildFile; fileRef = 1F9B982C2577C19800130AEE /* chilkoottrail.jpg */; };
		1F9B98392577C19800130AEE /* turtlerock.jpg in Resources */ = {isa = PBXBuildFile; fileRef = 1F9B982D2577C19800130AEE /* turtlerock.jpg */; };
		1F9B983A2577C19800130AEE /* hiddenlake.jpg in Resources */ = {isa = PBXBuildFile; fileRef = 1F9B982E2577C19800130AEE /* hiddenlake.jpg */; };
		1F9B983B2577C19800130AEE /* umbagog.jpg in Resources */ = {isa = PBXBuildFile; fileRef = 1F9B982F2577C19800130AEE /* umbagog.jpg */; };
		1F9B983C2577C19800130AEE /* silversalmoncreek.jpg in Resources */ = {isa = PBXBuildFile; fileRef = 1F9B98302577C19800130AEE /* silversalmoncreek.jpg */; };
		1F9B983D2577C19800130AEE /* twinlake.jpg in Resources */ = {isa = PBXBuildFile; fileRef = 1F9B98312577C19800130AEE /* twinlake.jpg */; };
		1F9B983E2577C19800130AEE /* stmarylake.jpg in Resources */ = {isa = PBXBuildFile; fileRef = 1F9B98322577C19800130AEE /* stmarylake.jpg */; };
		1F9B983F2577C19800130AEE /* rainbowlake.jpg in Resources */ = {isa = PBXBuildFile; fileRef = 1F9B98332577C19800130AEE /* rainbowlake.jpg */; };
		1F9B98402577C19800130AEE /* yukon_charleyrivers.jpg in Resources */ = {isa = PBXBuildFile; fileRef = 1F9B98342577C19800130AEE /* yukon_charleyrivers.jpg */; };
		1FC165BC2577976300EBBDE9 /* SimpleListsAndNavigationApp.swift in Sources */ = {isa = PBXBuildFile; fileRef = 1FC165BB2577976300EBBDE9 /* SimpleListsAndNavigationApp.swift */; };
		1FC165BE2577976300EBBDE9 /* LandmarkDetail.swift in Sources */ = {isa = PBXBuildFile; fileRef = 1FC165BD2577976300EBBDE9 /* LandmarkDetail.swift */; };
		1FC165C02577976400EBBDE9 /* Assets.xcassets in Resources */ = {isa = PBXBuildFile; fileRef = 1FC165BF2577976400EBBDE9 /* Assets.xcassets */; };
		1FC165C32577976400EBBDE9 /* Preview Assets.xcassets in Resources */ = {isa = PBXBuildFile; fileRef = 1FC165C22577976400EBBDE9 /* Preview Assets.xcassets */; };
		1FC165CE2577976400EBBDE9 /* SimpleListsAndNavigationTests.swift in Sources */ = {isa = PBXBuildFile; fileRef = 1FC165CD2577976400EBBDE9 /* SimpleListsAndNavigationTests.swift */; };
		1FC165D92577976400EBBDE9 /* SimpleListsAndNavigationUITests.swift in Sources */ = {isa = PBXBuildFile; fileRef = 1FC165D82577976400EBBDE9 /* SimpleListsAndNavigationUITests.swift */; };
		1FC165F32577B6AA00EBBDE9 /* Landmark.swift in Sources */ = {isa = PBXBuildFile; fileRef = 1FC165F22577B6AA00EBBDE9 /* Landmark.swift */; };
		1FC166032577B8CD00EBBDE9 /* landmarkData.json in Resources */ = {isa = PBXBuildFile; fileRef = 1FC166022577B8CD00EBBDE9 /* landmarkData.json */; };
		1FC1660C2577BC1A00EBBDE9 /* CircleImage.swift in Sources */ = {isa = PBXBuildFile; fileRef = 1FC1660B2577BC1A00EBBDE9 /* CircleImage.swift */; };
		1FC166122577BC3200EBBDE9 /* LandmarkRow.swift in Sources */ = {isa = PBXBuildFile; fileRef = 1FC166112577BC3200EBBDE9 /* LandmarkRow.swift */; };
		1FC1661A2577BC3A00EBBDE9 /* MapView.swift in Sources */ = {isa = PBXBuildFile; fileRef = 1FC166192577BC3A00EBBDE9 /* MapView.swift */; };
		1FC1661F2577BF0600EBBDE9 /* Data.swift in Sources */ = {isa = PBXBuildFile; fileRef = 1FC1661E2577BF0600EBBDE9 /* Data.swift */; };
/* End PBXBuildFile section */

/* Begin PBXContainerItemProxy section */
		1FC165CA2577976400EBBDE9 /* PBXContainerItemProxy */ = {
			isa = PBXContainerItemProxy;
			containerPortal = 1FC165B02577976300EBBDE9 /* Project object */;
			proxyType = 1;
			remoteGlobalIDString = 1FC165B72577976300EBBDE9;
			remoteInfo = SimpleListsAndNavigation;
		};
		1FC165D52577976400EBBDE9 /* PBXContainerItemProxy */ = {
			isa = PBXContainerItemProxy;
			containerPortal = 1FC165B02577976300EBBDE9 /* Project object */;
			proxyType = 1;
			remoteGlobalIDString = 1FC165B72577976300EBBDE9;
			remoteInfo = SimpleListsAndNavigation;
		};
/* End PBXContainerItemProxy section */

/* Begin PBXFileReference section */
		1F9B98212577C11E00130AEE /* LandmarkList.swift */ = {isa = PBXFileReference; lastKnownFileType = sourcecode.swift; path = LandmarkList.swift; sourceTree = "<group>"; };
		1F9B98292577C19700130AEE /* icybay.jpg */ = {isa = PBXFileReference; lastKnownFileType = image.jpeg; path = icybay.jpg; sourceTree = "<group>"; };
		1F9B982A2577C19800130AEE /* lakemcdonald.jpg */ = {isa = PBXFileReference; lastKnownFileType = image.jpeg; path = lakemcdonald.jpg; sourceTree = "<group>"; };
		1F9B982B2577C19800130AEE /* chincoteague.jpg */ = {isa = PBXFileReference; lastKnownFileType = image.jpeg; path = chincoteague.jpg; sourceTree = "<group>"; };
		1F9B982C2577C19800130AEE /* chilkoottrail.jpg */ = {isa = PBXFileReference; lastKnownFileType = image.jpeg; path = chilkoottrail.jpg; sourceTree = "<group>"; };
		1F9B982D2577C19800130AEE /* turtlerock.jpg */ = {isa = PBXFileReference; lastKnownFileType = image.jpeg; path = turtlerock.jpg; sourceTree = "<group>"; };
		1F9B982E2577C19800130AEE /* hiddenlake.jpg */ = {isa = PBXFileReference; lastKnownFileType = image.jpeg; path = hiddenlake.jpg; sourceTree = "<group>"; };
		1F9B982F2577C19800130AEE /* umbagog.jpg */ = {isa = PBXFileReference; lastKnownFileType = image.jpeg; path = umbagog.jpg; sourceTree = "<group>"; };
		1F9B98302577C19800130AEE /* silversalmoncreek.jpg */ = {isa = PBXFileReference; lastKnownFileType = image.jpeg; path = silversalmoncreek.jpg; sourceTree = "<group>"; };
		1F9B98312577C19800130AEE /* twinlake.jpg */ = {isa = PBXFileReference; lastKnownFileType = image.jpeg; path = twinlake.jpg; sourceTree = "<group>"; };
		1F9B98322577C19800130AEE /* stmarylake.jpg */ = {isa = PBXFileReference; lastKnownFileType = image.jpeg; path = stmarylake.jpg; sourceTree = "<group>"; };
		1F9B98332577C19800130AEE /* rainbowlake.jpg */ = {isa = PBXFileReference; lastKnownFileType = image.jpeg; path = rainbowlake.jpg; sourceTree = "<group>"; };
		1F9B98342577C19800130AEE /* yukon_charleyrivers.jpg */ = {isa = PBXFileReference; lastKnownFileType = image.jpeg; path = yukon_charleyrivers.jpg; sourceTree = "<group>"; };
		1FC165B82577976300EBBDE9 /* SimpleListsAndNavigation.app */ = {isa = PBXFileReference; explicitFileType = wrapper.application; includeInIndex = 0; path = SimpleListsAndNavigation.app; sourceTree = BUILT_PRODUCTS_DIR; };
		1FC165BB2577976300EBBDE9 /* SimpleListsAndNavigationApp.swift */ = {isa = PBXFileReference; lastKnownFileType = sourcecode.swift; path = SimpleListsAndNavigationApp.swift; sourceTree = "<group>"; };
		1FC165BD2577976300EBBDE9 /* LandmarkDetail.swift */ = {isa = PBXFileReference; lastKnownFileType = sourcecode.swift; path = LandmarkDetail.swift; sourceTree = "<group>"; };
		1FC165BF2577976400EBBDE9 /* Assets.xcassets */ = {isa = PBXFileReference; lastKnownFileType = folder.assetcatalog; path = Assets.xcassets; sourceTree = "<group>"; };
		1FC165C22577976400EBBDE9 /* Preview Assets.xcassets */ = {isa = PBXFileReference; lastKnownFileType = folder.assetcatalog; path = "Preview Assets.xcassets"; sourceTree = "<group>"; };
		1FC165C42577976400EBBDE9 /* Info.plist */ = {isa = PBXFileReference; lastKnownFileType = text.plist.xml; path = Info.plist; sourceTree = "<group>"; };
		1FC165C92577976400EBBDE9 /* SimpleListsAndNavigationTests.xctest */ = {isa = PBXFileReference; explicitFileType = wrapper.cfbundle; includeInIndex = 0; path = SimpleListsAndNavigationTests.xctest; sourceTree = BUILT_PRODUCTS_DIR; };
		1FC165CD2577976400EBBDE9 /* SimpleListsAndNavigationTests.swift */ = {isa = PBXFileReference; lastKnownFileType = sourcecode.swift; path = SimpleListsAndNavigationTests.swift; sourceTree = "<group>"; };
		1FC165CF2577976400EBBDE9 /* Info.plist */ = {isa = PBXFileReference; lastKnownFileType = text.plist.xml; path = Info.plist; sourceTree = "<group>"; };
		1FC165D42577976400EBBDE9 /* SimpleListsAndNavigationUITests.xctest */ = {isa = PBXFileReference; explicitFileType = wrapper.cfbundle; includeInIndex = 0; path = SimpleListsAndNavigationUITests.xctest; sourceTree = BUILT_PRODUCTS_DIR; };
		1FC165D82577976400EBBDE9 /* SimpleListsAndNavigationUITests.swift */ = {isa = PBXFileReference; lastKnownFileType = sourcecode.swift; path = SimpleListsAndNavigationUITests.swift; sourceTree = "<group>"; };
		1FC165DA2577976400EBBDE9 /* Info.plist */ = {isa = PBXFileReference; lastKnownFileType = text.plist.xml; path = Info.plist; sourceTree = "<group>"; };
		1FC165F22577B6AA00EBBDE9 /* Landmark.swift */ = {isa = PBXFileReference; lastKnownFileType = sourcecode.swift; path = Landmark.swift; sourceTree = "<group>"; };
		1FC166022577B8CD00EBBDE9 /* landmarkData.json */ = {isa = PBXFileReference; lastKnownFileType = text.json; path = landmarkData.json; sourceTree = "<group>"; };
		1FC1660B2577BC1A00EBBDE9 /* CircleImage.swift */ = {isa = PBXFileReference; lastKnownFileType = sourcecode.swift; path = CircleImage.swift; sourceTree = "<group>"; };
		1FC166112577BC3200EBBDE9 /* LandmarkRow.swift */ = {isa = PBXFileReference; lastKnownFileType = sourcecode.swift; path = LandmarkRow.swift; sourceTree = "<group>"; };
		1FC166192577BC3A00EBBDE9 /* MapView.swift */ = {isa = PBXFileReference; lastKnownFileType = sourcecode.swift; path = MapView.swift; sourceTree = "<group>"; };
		1FC1661E2577BF0600EBBDE9 /* Data.swift */ = {isa = PBXFileReference; lastKnownFileType = sourcecode.swift; path = Data.swift; sourceTree = "<group>"; };
/* End PBXFileReference section */

/* Begin PBXFrameworksBuildPhase section */
		1FC165B52577976300EBBDE9 /* Frameworks */ = {
			isa = PBXFrameworksBuildPhase;
			buildActionMask = 2147483647;
			files = (
			);
			runOnlyForDeploymentPostprocessing = 0;
		};
		1FC165C62577976400EBBDE9 /* Frameworks */ = {
			isa = PBXFrameworksBuildPhase;
			buildActionMask = 2147483647;
			files = (
			);
			runOnlyForDeploymentPostprocessing = 0;
		};
		1FC165D12577976400EBBDE9 /* Frameworks */ = {
			isa = PBXFrameworksBuildPhase;
			buildActionMask = 2147483647;
			files = (
			);
			runOnlyForDeploymentPostprocessing = 0;
		};
/* End PBXFrameworksBuildPhase section */

/* Begin PBXGroup section */
		1FC165AF2577976300EBBDE9 = {
			isa = PBXGroup;
			children = (
				1FC1660A2577BBF800EBBDE9 /* Supporting Views */,
				1FC165F82577B85B00EBBDE9 /* Resources */,
				1FC165F72577B83500EBBDE9 /* Models */,
				1FC165BA2577976300EBBDE9 /* SimpleListsAndNavigation */,
				1FC165CC2577976400EBBDE9 /* SimpleListsAndNavigationTests */,
				1FC165D72577976400EBBDE9 /* SimpleListsAndNavigationUITests */,
				1FC165B92577976300EBBDE9 /* Products */,
			);
			sourceTree = "<group>";
		};
		1FC165B92577976300EBBDE9 /* Products */ = {
			isa = PBXGroup;
			children = (
				1FC165B82577976300EBBDE9 /* SimpleListsAndNavigation.app */,
				1FC165C92577976400EBBDE9 /* SimpleListsAndNavigationTests.xctest */,
				1FC165D42577976400EBBDE9 /* SimpleListsAndNavigationUITests.xctest */,
			);
			name = Products;
			sourceTree = "<group>";
		};
		1FC165BA2577976300EBBDE9 /* SimpleListsAndNavigation */ = {
			isa = PBXGroup;
			children = (
				1F9B98212577C11E00130AEE /* LandmarkList.swift */,
				1FC165BB2577976300EBBDE9 /* SimpleListsAndNavigationApp.swift */,
				1FC165BD2577976300EBBDE9 /* LandmarkDetail.swift */,
				1FC165BF2577976400EBBDE9 /* Assets.xcassets */,
				1FC165C42577976400EBBDE9 /* Info.plist */,
				1FC165C12577976400EBBDE9 /* Preview Content */,
			);
			path = SimpleListsAndNavigation;
			sourceTree = "<group>";
		};
		1FC165C12577976400EBBDE9 /* Preview Content */ = {
			isa = PBXGroup;
			children = (
				1FC165C22577976400EBBDE9 /* Preview Assets.xcassets */,
			);
			path = "Preview Content";
			sourceTree = "<group>";
		};
		1FC165CC2577976400EBBDE9 /* SimpleListsAndNavigationTests */ = {
			isa = PBXGroup;
			children = (
				1FC165CD2577976400EBBDE9 /* SimpleListsAndNavigationTests.swift */,
				1FC165CF2577976400EBBDE9 /* Info.plist */,
			);
			path = SimpleListsAndNavigationTests;
			sourceTree = "<group>";
		};
		1FC165D72577976400EBBDE9 /* SimpleListsAndNavigationUITests */ = {
			isa = PBXGroup;
			children = (
				1FC165D82577976400EBBDE9 /* SimpleListsAndNavigationUITests.swift */,
				1FC165DA2577976400EBBDE9 /* Info.plist */,
			);
			path = SimpleListsAndNavigationUITests;
			sourceTree = "<group>";
		};
		1FC165F72577B83500EBBDE9 /* Models */ = {
			isa = PBXGroup;
			children = (
				1FC165F22577B6AA00EBBDE9 /* Landmark.swift */,
				1FC1661E2577BF0600EBBDE9 /* Data.swift */,
			);
			path = Models;
			sourceTree = "<group>";
		};
		1FC165F82577B85B00EBBDE9 /* Resources */ = {
			isa = PBXGroup;
			children = (
				1F9B982C2577C19800130AEE /* chilkoottrail.jpg */,
				1F9B982B2577C19800130AEE /* chincoteague.jpg */,
				1F9B982E2577C19800130AEE /* hiddenlake.jpg */,
				1F9B98292577C19700130AEE /* icybay.jpg */,
				1F9B982A2577C19800130AEE /* lakemcdonald.jpg */,
				1F9B98332577C19800130AEE /* rainbowlake.jpg */,
				1F9B98302577C19800130AEE /* silversalmoncreek.jpg */,
				1F9B98322577C19800130AEE /* stmarylake.jpg */,
				1F9B982D2577C19800130AEE /* turtlerock.jpg */,
				1F9B98312577C19800130AEE /* twinlake.jpg */,
				1F9B982F2577C19800130AEE /* umbagog.jpg */,
				1F9B98342577C19800130AEE /* yukon_charleyrivers.jpg */,
				1FC166022577B8CD00EBBDE9 /* landmarkData.json */,
			);
			path = Resources;
			sourceTree = "<group>";
		};
		1FC1660A2577BBF800EBBDE9 /* Supporting Views */ = {
			isa = PBXGroup;
			children = (
				1FC1660B2577BC1A00EBBDE9 /* CircleImage.swift */,
				1FC166112577BC3200EBBDE9 /* LandmarkRow.swift */,
				1FC166192577BC3A00EBBDE9 /* MapView.swift */,
			);
			path = "Supporting Views";
			sourceTree = "<group>";
		};
/* End PBXGroup section */

/* Begin PBXNativeTarget section */
		1FC165B72577976300EBBDE9 /* SimpleListsAndNavigation */ = {
			isa = PBXNativeTarget;
			buildConfigurationList = 1FC165DD2577976400EBBDE9 /* Build configuration list for PBXNativeTarget "SimpleListsAndNavigation" */;
			buildPhases = (
				1FC165B42577976300EBBDE9 /* Sources */,
				1FC165B52577976300EBBDE9 /* Frameworks */,
				1FC165B62577976300EBBDE9 /* Resources */,
			);
			buildRules = (
			);
			dependencies = (
			);
			name = SimpleListsAndNavigation;
			productName = SimpleListsAndNavigation;
			productReference = 1FC165B82577976300EBBDE9 /* SimpleListsAndNavigation.app */;
			productType = "com.apple.product-type.application";
		};
		1FC165C82577976400EBBDE9 /* SimpleListsAndNavigationTests */ = {
			isa = PBXNativeTarget;
			buildConfigurationList = 1FC165E02577976400EBBDE9 /* Build configuration list for PBXNativeTarget "SimpleListsAndNavigationTests" */;
			buildPhases = (
				1FC165C52577976400EBBDE9 /* Sources */,
				1FC165C62577976400EBBDE9 /* Frameworks */,
				1FC165C72577976400EBBDE9 /* Resources */,
			);
			buildRules = (
			);
			dependencies = (
				1FC165CB2577976400EBBDE9 /* PBXTargetDependency */,
			);
			name = SimpleListsAndNavigationTests;
			productName = SimpleListsAndNavigationTests;
			productReference = 1FC165C92577976400EBBDE9 /* SimpleListsAndNavigationTests.xctest */;
			productType = "com.apple.product-type.bundle.unit-test";
		};
		1FC165D32577976400EBBDE9 /* SimpleListsAndNavigationUITests */ = {
			isa = PBXNativeTarget;
			buildConfigurationList = 1FC165E32577976400EBBDE9 /* Build configuration list for PBXNativeTarget "SimpleListsAndNavigationUITests" */;
			buildPhases = (
				1FC165D02577976400EBBDE9 /* Sources */,
				1FC165D12577976400EBBDE9 /* Frameworks */,
				1FC165D22577976400EBBDE9 /* Resources */,
			);
			buildRules = (
			);
			dependencies = (
				1FC165D62577976400EBBDE9 /* PBXTargetDependency */,
			);
			name = SimpleListsAndNavigationUITests;
			productName = SimpleListsAndNavigationUITests;
			productReference = 1FC165D42577976400EBBDE9 /* SimpleListsAndNavigationUITests.xctest */;
			productType = "com.apple.product-type.bundle.ui-testing";
		};
/* End PBXNativeTarget section */

/* Begin PBXProject section */
		1FC165B02577976300EBBDE9 /* Project object */ = {
			isa = PBXProject;
			attributes = {
				LastSwiftUpdateCheck = 1220;
				LastUpgradeCheck = 1220;
				TargetAttributes = {
					1FC165B72577976300EBBDE9 = {
						CreatedOnToolsVersion = 12.2;
					};
					1FC165C82577976400EBBDE9 = {
						CreatedOnToolsVersion = 12.2;
						TestTargetID = 1FC165B72577976300EBBDE9;
					};
					1FC165D32577976400EBBDE9 = {
						CreatedOnToolsVersion = 12.2;
						TestTargetID = 1FC165B72577976300EBBDE9;
					};
				};
			};
			buildConfigurationList = 1FC165B32577976300EBBDE9 /* Build configuration list for PBXProject "SimpleListsAndNavigation" */;
			compatibilityVersion = "Xcode 9.3";
			developmentRegion = en;
			hasScannedForEncodings = 0;
			knownRegions = (
				en,
				Base,
			);
			mainGroup = 1FC165AF2577976300EBBDE9;
			productRefGroup = 1FC165B92577976300EBBDE9 /* Products */;
			projectDirPath = "";
			projectRoot = "";
			targets = (
				1FC165B72577976300EBBDE9 /* SimpleListsAndNavigation */,
				1FC165C82577976400EBBDE9 /* SimpleListsAndNavigationTests */,
				1FC165D32577976400EBBDE9 /* SimpleListsAndNavigationUITests */,
			);
		};
/* End PBXProject section */

/* Begin PBXResourcesBuildPhase section */
		1FC165B62577976300EBBDE9 /* Resources */ = {
			isa = PBXResourcesBuildPhase;
			buildActionMask = 2147483647;
			files = (
				1F9B98372577C19800130AEE /* chincoteague.jpg in Resources */,
				1FC165C32577976400EBBDE9 /* Preview Assets.xcassets in Resources */,
				1F9B98382577C19800130AEE /* chilkoottrail.jpg in Resources */,
				1F9B983E2577C19800130AEE /* stmarylake.jpg in Resources */,
				1F9B98402577C19800130AEE /* yukon_charleyrivers.jpg in Resources */,
				1F9B98362577C19800130AEE /* lakemcdonald.jpg in Resources */,
				1F9B983B2577C19800130AEE /* umbagog.jpg in Resources */,
				1F9B98392577C19800130AEE /* turtlerock.jpg in Resources */,
				1F9B983F2577C19800130AEE /* rainbowlake.jpg in Resources */,
				1F9B983D2577C19800130AEE /* twinlake.jpg in Resources */,
				1FC165C02577976400EBBDE9 /* Assets.xcassets in Resources */,
				1F9B98352577C19800130AEE /* icybay.jpg in Resources */,
				1F9B983C2577C19800130AEE /* silversalmoncreek.jpg in Resources */,
				1F9B983A2577C19800130AEE /* hiddenlake.jpg in Resources */,
				1FC166032577B8CD00EBBDE9 /* landmarkData.json in Resources */,
			);
			runOnlyForDeploymentPostprocessing = 0;
		};
		1FC165C72577976400EBBDE9 /* Resources */ = {
			isa = PBXResourcesBuildPhase;
			buildActionMask = 2147483647;
			files = (
			);
			runOnlyForDeploymentPostprocessing = 0;
		};
		1FC165D22577976400EBBDE9 /* Resources */ = {
			isa = PBXResourcesBuildPhase;
			buildActionMask = 2147483647;
			files = (
			);
			runOnlyForDeploymentPostprocessing = 0;
		};
/* End PBXResourcesBuildPhase section */

/* Begin PBXSourcesBuildPhase section */
		1FC165B42577976300EBBDE9 /* Sources */ = {
			isa = PBXSourcesBuildPhase;
			buildActionMask = 2147483647;
			files = (
				1FC1661F2577BF0600EBBDE9 /* Data.swift in Sources */,
				1FC165BE2577976300EBBDE9 /* LandmarkDetail.swift in Sources */,
				1FC1661A2577BC3A00EBBDE9 /* MapView.swift in Sources */,
				1F9B98222577C11E00130AEE /* LandmarkList.swift in Sources */,
				1FC1660C2577BC1A00EBBDE9 /* CircleImage.swift in Sources */,
				1FC165BC2577976300EBBDE9 /* SimpleListsAndNavigationApp.swift in Sources */,
				1FC166122577BC3200EBBDE9 /* LandmarkRow.swift in Sources */,
				1FC165F32577B6AA00EBBDE9 /* Landmark.swift in Sources */,
			);
			runOnlyForDeploymentPostprocessing = 0;
		};
		1FC165C52577976400EBBDE9 /* Sources */ = {
			isa = PBXSourcesBuildPhase;
			buildActionMask = 2147483647;
			files = (
				1FC165CE2577976400EBBDE9 /* SimpleListsAndNavigationTests.swift in Sources */,
			);
			runOnlyForDeploymentPostprocessing = 0;
		};
		1FC165D02577976400EBBDE9 /* Sources */ = {
			isa = PBXSourcesBuildPhase;
			buildActionMask = 2147483647;
			files = (
				1FC165D92577976400EBBDE9 /* SimpleListsAndNavigationUITests.swift in Sources */,
			);
			runOnlyForDeploymentPostprocessing = 0;
		};
/* End PBXSourcesBuildPhase section */

/* Begin PBXTargetDependency section */
		1FC165CB2577976400EBBDE9 /* PBXTargetDependency */ = {
			isa = PBXTargetDependency;
			target = 1FC165B72577976300EBBDE9 /* SimpleListsAndNavigation */;
			targetProxy = 1FC165CA2577976400EBBDE9 /* PBXContainerItemProxy */;
		};
		1FC165D62577976400EBBDE9 /* PBXTargetDependency */ = {
			isa = PBXTargetDependency;
			target = 1FC165B72577976300EBBDE9 /* SimpleListsAndNavigation */;
			targetProxy = 1FC165D52577976400EBBDE9 /* PBXContainerItemProxy */;
		};
/* End PBXTargetDependency section */

/* Begin XCBuildConfiguration section */
		1FC165DB2577976400EBBDE9 /* Debug */ = {
			isa = XCBuildConfiguration;
			buildSettings = {
				ALWAYS_SEARCH_USER_PATHS = NO;
				CLANG_ANALYZER_NONNULL = YES;
				CLANG_ANALYZER_NUMBER_OBJECT_CONVERSION = YES_AGGRESSIVE;
				CLANG_CXX_LANGUAGE_STANDARD = "gnu++14";
				CLANG_CXX_LIBRARY = "libc++";
				CLANG_ENABLE_MODULES = YES;
				CLANG_ENABLE_OBJC_ARC = YES;
				CLANG_ENABLE_OBJC_WEAK = YES;
				CLANG_WARN_BLOCK_CAPTURE_AUTORELEASING = YES;
				CLANG_WARN_BOOL_CONVERSION = YES;
				CLANG_WARN_COMMA = YES;
				CLANG_WARN_CONSTANT_CONVERSION = YES;
				CLANG_WARN_DEPRECATED_OBJC_IMPLEMENTATIONS = YES;
				CLANG_WARN_DIRECT_OBJC_ISA_USAGE = YES_ERROR;
				CLANG_WARN_DOCUMENTATION_COMMENTS = YES;
				CLANG_WARN_EMPTY_BODY = YES;
				CLANG_WARN_ENUM_CONVERSION = YES;
				CLANG_WARN_INFINITE_RECURSION = YES;
				CLANG_WARN_INT_CONVERSION = YES;
				CLANG_WARN_NON_LITERAL_NULL_CONVERSION = YES;
				CLANG_WARN_OBJC_IMPLICIT_RETAIN_SELF = YES;
				CLANG_WARN_OBJC_LITERAL_CONVERSION = YES;
				CLANG_WARN_OBJC_ROOT_CLASS = YES_ERROR;
				CLANG_WARN_QUOTED_INCLUDE_IN_FRAMEWORK_HEADER = YES;
				CLANG_WARN_RANGE_LOOP_ANALYSIS = YES;
				CLANG_WARN_STRICT_PROTOTYPES = YES;
				CLANG_WARN_SUSPICIOUS_MOVE = YES;
				CLANG_WARN_UNGUARDED_AVAILABILITY = YES_AGGRESSIVE;
				CLANG_WARN_UNREACHABLE_CODE = YES;
				CLANG_WARN__DUPLICATE_METHOD_MATCH = YES;
				COPY_PHASE_STRIP = NO;
				DEBUG_INFORMATION_FORMAT = dwarf;
				ENABLE_STRICT_OBJC_MSGSEND = YES;
				ENABLE_TESTABILITY = YES;
				GCC_C_LANGUAGE_STANDARD = gnu11;
				GCC_DYNAMIC_NO_PIC = NO;
				GCC_NO_COMMON_BLOCKS = YES;
				GCC_OPTIMIZATION_LEVEL = 0;
				GCC_PREPROCESSOR_DEFINITIONS = (
					"DEBUG=1",
					"$(inherited)",
				);
				GCC_WARN_64_TO_32_BIT_CONVERSION = YES;
				GCC_WARN_ABOUT_RETURN_TYPE = YES_ERROR;
				GCC_WARN_UNDECLARED_SELECTOR = YES;
				GCC_WARN_UNINITIALIZED_AUTOS = YES_AGGRESSIVE;
				GCC_WARN_UNUSED_FUNCTION = YES;
				GCC_WARN_UNUSED_VARIABLE = YES;
				IPHONEOS_DEPLOYMENT_TARGET = 14.2;
				MTL_ENABLE_DEBUG_INFO = INCLUDE_SOURCE;
				MTL_FAST_MATH = YES;
				ONLY_ACTIVE_ARCH = YES;
				SDKROOT = iphoneos;
				SWIFT_ACTIVE_COMPILATION_CONDITIONS = DEBUG;
				SWIFT_OPTIMIZATION_LEVEL = "-Onone";
			};
			name = Debug;
		};
		1FC165DC2577976400EBBDE9 /* Release */ = {
			isa = XCBuildConfiguration;
			buildSettings = {
				ALWAYS_SEARCH_USER_PATHS = NO;
				CLANG_ANALYZER_NONNULL = YES;
				CLANG_ANALYZER_NUMBER_OBJECT_CONVERSION = YES_AGGRESSIVE;
				CLANG_CXX_LANGUAGE_STANDARD = "gnu++14";
				CLANG_CXX_LIBRARY = "libc++";
				CLANG_ENABLE_MODULES = YES;
				CLANG_ENABLE_OBJC_ARC = YES;
				CLANG_ENABLE_OBJC_WEAK = YES;
				CLANG_WARN_BLOCK_CAPTURE_AUTORELEASING = YES;
				CLANG_WARN_BOOL_CONVERSION = YES;
				CLANG_WARN_COMMA = YES;
				CLANG_WARN_CONSTANT_CONVERSION = YES;
				CLANG_WARN_DEPRECATED_OBJC_IMPLEMENTATIONS = YES;
				CLANG_WARN_DIRECT_OBJC_ISA_USAGE = YES_ERROR;
				CLANG_WARN_DOCUMENTATION_COMMENTS = YES;
				CLANG_WARN_EMPTY_BODY = YES;
				CLANG_WARN_ENUM_CONVERSION = YES;
				CLANG_WARN_INFINITE_RECURSION = YES;
				CLANG_WARN_INT_CONVERSION = YES;
				CLANG_WARN_NON_LITERAL_NULL_CONVERSION = YES;
				CLANG_WARN_OBJC_IMPLICIT_RETAIN_SELF = YES;
				CLANG_WARN_OBJC_LITERAL_CONVERSION = YES;
				CLANG_WARN_OBJC_ROOT_CLASS = YES_ERROR;
				CLANG_WARN_QUOTED_INCLUDE_IN_FRAMEWORK_HEADER = YES;
				CLANG_WARN_RANGE_LOOP_ANALYSIS = YES;
				CLANG_WARN_STRICT_PROTOTYPES = YES;
				CLANG_WARN_SUSPICIOUS_MOVE = YES;
				CLANG_WARN_UNGUARDED_AVAILABILITY = YES_AGGRESSIVE;
				CLANG_WARN_UNREACHABLE_CODE = YES;
				CLANG_WARN__DUPLICATE_METHOD_MATCH = YES;
				COPY_PHASE_STRIP = NO;
				DEBUG_INFORMATION_FORMAT = "dwarf-with-dsym";
				ENABLE_NS_ASSERTIONS = NO;
				ENABLE_STRICT_OBJC_MSGSEND = YES;
				GCC_C_LANGUAGE_STANDARD = gnu11;
				GCC_NO_COMMON_BLOCKS = YES;
				GCC_WARN_64_TO_32_BIT_CONVERSION = YES;
				GCC_WARN_ABOUT_RETURN_TYPE = YES_ERROR;
				GCC_WARN_UNDECLARED_SELECTOR = YES;
				GCC_WARN_UNINITIALIZED_AUTOS = YES_AGGRESSIVE;
				GCC_WARN_UNUSED_FUNCTION = YES;
				GCC_WARN_UNUSED_VARIABLE = YES;
				IPHONEOS_DEPLOYMENT_TARGET = 14.2;
				MTL_ENABLE_DEBUG_INFO = NO;
				MTL_FAST_MATH = YES;
				SDKROOT = iphoneos;
				SWIFT_COMPILATION_MODE = wholemodule;
				SWIFT_OPTIMIZATION_LEVEL = "-O";
				VALIDATE_PRODUCT = YES;
			};
			name = Release;
		};
		1FC165DE2577976400EBBDE9 /* Debug */ = {
			isa = XCBuildConfiguration;
			buildSettings = {
				ASSETCATALOG_COMPILER_APPICON_NAME = AppIcon;
				ASSETCATALOG_COMPILER_GLOBAL_ACCENT_COLOR_NAME = AccentColor;
				CODE_SIGN_STYLE = Automatic;
				DEVELOPMENT_ASSET_PATHS = "\"SimpleListsAndNavigation/Preview Content\"";
				DEVELOPMENT_TEAM = VGM5VS634S;
				ENABLE_PREVIEWS = YES;
				INFOPLIST_FILE = SimpleListsAndNavigation/Info.plist;
				IPHONEOS_DEPLOYMENT_TARGET = 14.0;
				LD_RUNPATH_SEARCH_PATHS = (
					"$(inherited)",
					"@executable_path/Frameworks",
				);
				PRODUCT_BUNDLE_IDENTIFIER = io.github.lauwarm.SimpleListsAndNavigation;
				PRODUCT_NAME = "$(TARGET_NAME)";
				SWIFT_VERSION = 5.0;
				TARGETED_DEVICE_FAMILY = "1,2";
			};
			name = Debug;
		};
		1FC165DF2577976400EBBDE9 /* Release */ = {
			isa = XCBuildConfiguration;
			buildSettings = {
				ASSETCATALOG_COMPILER_APPICON_NAME = AppIcon;
				ASSETCATALOG_COMPILER_GLOBAL_ACCENT_COLOR_NAME = AccentColor;
				CODE_SIGN_STYLE = Automatic;
				DEVELOPMENT_ASSET_PATHS = "\"SimpleListsAndNavigation/Preview Content\"";
				DEVELOPMENT_TEAM = VGM5VS634S;
				ENABLE_PREVIEWS = YES;
				INFOPLIST_FILE = SimpleListsAndNavigation/Info.plist;
				IPHONEOS_DEPLOYMENT_TARGET = 14.0;
				LD_RUNPATH_SEARCH_PATHS = (
					"$(inherited)",
					"@executable_path/Frameworks",
				);
				PRODUCT_BUNDLE_IDENTIFIER = io.github.lauwarm.SimpleListsAndNavigation;
				PRODUCT_NAME = "$(TARGET_NAME)";
				SWIFT_VERSION = 5.0;
				TARGETED_DEVICE_FAMILY = "1,2";
			};
			name = Release;
		};
		1FC165E12577976400EBBDE9 /* Debug */ = {
			isa = XCBuildConfiguration;
			buildSettings = {
				ALWAYS_EMBED_SWIFT_STANDARD_LIBRARIES = YES;
				BUNDLE_LOADER = "$(TEST_HOST)";
				CODE_SIGN_STYLE = Automatic;
				DEVELOPMENT_TEAM = VGM5VS634S;
				INFOPLIST_FILE = SimpleListsAndNavigationTests/Info.plist;
				IPHONEOS_DEPLOYMENT_TARGET = 14.0;
				LD_RUNPATH_SEARCH_PATHS = (
					"$(inherited)",
					"@executable_path/Frameworks",
					"@loader_path/Frameworks",
				);
				PRODUCT_BUNDLE_IDENTIFIER = io.github.lauwarm.SimpleListsAndNavigationTests;
				PRODUCT_NAME = "$(TARGET_NAME)";
				SWIFT_VERSION = 5.0;
				TARGETED_DEVICE_FAMILY = "1,2";
				TEST_HOST = "$(BUILT_PRODUCTS_DIR)/SimpleListsAndNavigation.app/SimpleListsAndNavigation";
			};
			name = Debug;
		};
		1FC165E22577976400EBBDE9 /* Release */ = {
			isa = XCBuildConfiguration;
			buildSettings = {
				ALWAYS_EMBED_SWIFT_STANDARD_LIBRARIES = YES;
				BUNDLE_LOADER = "$(TEST_HOST)";
				CODE_SIGN_STYLE = Automatic;
				DEVELOPMENT_TEAM = VGM5VS634S;
				INFOPLIST_FILE = SimpleListsAndNavigationTests/Info.plist;
				IPHONEOS_DEPLOYMENT_TARGET = 14.0;
				LD_RUNPATH_SEARCH_PATHS = (
					"$(inherited)",
					"@executable_path/Frameworks",
					"@loader_path/Frameworks",
				);
				PRODUCT_BUNDLE_IDENTIFIER = io.github.lauwarm.SimpleListsAndNavigationTests;
				PRODUCT_NAME = "$(TARGET_NAME)";
				SWIFT_VERSION = 5.0;
				TARGETED_DEVICE_FAMILY = "1,2";
				TEST_HOST = "$(BUILT_PRODUCTS_DIR)/SimpleListsAndNavigation.app/SimpleListsAndNavigation";
			};
			name = Release;
		};
		1FC165E42577976400EBBDE9 /* Debug */ = {
			isa = XCBuildConfiguration;
			buildSettings = {
				ALWAYS_EMBED_SWIFT_STANDARD_LIBRARIES = YES;
				CODE_SIGN_STYLE = Automatic;
				DEVELOPMENT_TEAM = VGM5VS634S;
				INFOPLIST_FILE = SimpleListsAndNavigationUITests/Info.plist;
				LD_RUNPATH_SEARCH_PATHS = (
					"$(inherited)",
					"@executable_path/Frameworks",
					"@loader_path/Frameworks",
				);
				PRODUCT_BUNDLE_IDENTIFIER = io.github.lauwarm.SimpleListsAndNavigationUITests;
				PRODUCT_NAME = "$(TARGET_NAME)";
				SWIFT_VERSION = 5.0;
				TARGETED_DEVICE_FAMILY = "1,2";
				TEST_TARGET_NAME = SimpleListsAndNavigation;
			};
			name = Debug;
		};
		1FC165E52577976400EBBDE9 /* Release */ = {
			isa = XCBuildConfiguration;
			buildSettings = {
				ALWAYS_EMBED_SWIFT_STANDARD_LIBRARIES = YES;
				CODE_SIGN_STYLE = Automatic;
				DEVELOPMENT_TEAM = VGM5VS634S;
				INFOPLIST_FILE = SimpleListsAndNavigationUITests/Info.plist;
				LD_RUNPATH_SEARCH_PATHS = (
					"$(inherited)",
					"@executable_path/Frameworks",
					"@loader_path/Frameworks",
				);
				PRODUCT_BUNDLE_IDENTIFIER = io.github.lauwarm.SimpleListsAndNavigationUITests;
				PRODUCT_NAME = "$(TARGET_NAME)";
				SWIFT_VERSION = 5.0;
				TARGETED_DEVICE_FAMILY = "1,2";
				TEST_TARGET_NAME = SimpleListsAndNavigation;
			};
			name = Release;
		};
/* End XCBuildConfiguration section */

/* Begin XCConfigurationList section */
		1FC165B32577976300EBBDE9 /* Build configuration list for PBXProject "SimpleListsAndNavigation" */ = {
			isa = XCConfigurationList;
			buildConfigurations = (
				1FC165DB2577976400EBBDE9 /* Debug */,
				1FC165DC2577976400EBBDE9 /* Release */,
			);
			defaultConfigurationIsVisible = 0;
			defaultConfigurationName = Release;
		};
		1FC165DD2577976400EBBDE9 /* Build configuration list for PBXNativeTarget "SimpleListsAndNavigation" */ = {
			isa = XCConfigurationList;
			buildConfigurations = (
				1FC165DE2577976400EBBDE9 /* Debug */,
				1FC165DF2577976400EBBDE9 /* Release */,
			);
			defaultConfigurationIsVisible = 0;
			defaultConfigurationName = Release;
		};
		1FC165E02577976400EBBDE9 /* Build configuration list for PBXNativeTarget "SimpleListsAndNavigationTests" */ = {
			isa = XCConfigurationList;
			buildConfigurations = (
				1FC165E12577976400EBBDE9 /* Debug */,
				1FC165E22577976400EBBDE9 /* Release */,
			);
			defaultConfigurationIsVisible = 0;
			defaultConfigurationName = Release;
		};
		1FC165E32577976400EBBDE9 /* Build configuration list for PBXNativeTarget "SimpleListsAndNavigationUITests" */ = {
			isa = XCConfigurationList;
			buildConfigurations = (
				1FC165E42577976400EBBDE9 /* Debug */,
				1FC165E52577976400EBBDE9 /* Release */,
			);
			defaultConfigurationIsVisible = 0;
			defaultConfigurationName = Release;
		};
/* End XCConfigurationList section */
	};
	rootObject = 1FC165B02577976300EBBDE9 /* Project object */;
}
